
Microsoft Visual Studio Solution File, Format Version 12.00
# Visual Studio Version 17
VisualStudioVersion = 17.5.2.0
MinimumVisualStudioVersion = 10.0.40219.1
Project("{FAE04EC0-301F-11D3-BF4B-00C04F79EFBC}") = "TDD_Nov", "TDD_Nov.csproj", "{AB946F9C-6097-47EC-FD71-D0F2FAF4DEED}"
EndProject
Global
	GlobalSection(SolutionConfigurationPlatforms) = preSolution
		Debug|Any CPU = Debug|Any CPU
		Release|Any CPU = Release|Any CPU
	EndGlobalSection
	GlobalSection(ProjectConfigurationPlatforms) = postSolution
		{AB946F9C-6097-47EC-FD71-D0F2FAF4DEED}.Debug|Any CPU.ActiveCfg = Debug|Any CPU
		{AB946F9C-6097-47EC-FD71-D0F2FAF4DEED}.Debug|Any CPU.Build.0 = Debug|Any CPU
		{AB946F9C-6097-47EC-FD71-D0F2FAF4DEED}.Release|Any CPU.ActiveCfg = Release|Any CPU
		{AB946F9C-6097-47EC-FD71-D0F2FAF4DEED}.Release|Any CPU.Build.0 = Release|Any CPU
	EndGlobalSection
	GlobalSection(SolutionProperties) = preSolution
		HideSolutionNode = FALSE
	EndGlobalSection
	GlobalSection(ExtensibilityGlobals) = postSolution
		SolutionGuid = {905E6BFA-CD64-4D5F-95A2-BE9C681EB9FF}
	EndGlobalSection
EndGlobal
